
Microsoft Visual Studio Solution File, Format Version 12.00
# Visual Studio Version 17
VisualStudioVersion = 17.14.37027.9 d17.14
MinimumVisualStudioVersion = 10.0.40219.1
Project("{FAE04EC0-301F-11D3-BF4B-00C04F79EFBC}") = "Learn LINQ", "Learn LINQ.csproj", "{0A580E8A-C5BB-4728-BB78-2CF4DC3CE477}"
EndProject
Global
	GlobalSection(SolutionConfigurationPlatforms) = preSolution
		Debug|Any CPU = Debug|Any CPU
		Release|Any CPU = Release|Any CPU
	EndGlobalSection
	GlobalSection(ProjectConfigurationPlatforms) = postSolution
		{0A580E8A-C5BB-4728-BB78-2CF4DC3CE477}.Debug|Any CPU.ActiveCfg = Debug|Any CPU
		{0A580E8A-C5BB-4728-BB78-2CF4DC3CE477}.Debug|Any CPU.Build.0 = Debug|Any CPU
		{0A580E8A-C5BB-4728-BB78-2CF4DC3CE477}.Release|Any CPU.ActiveCfg = Release|Any CPU
		{0A580E8A-C5BB-4728-BB78-2CF4DC3CE477}.Release|Any CPU.Build.0 = Release|Any CPU
	EndGlobalSection
	GlobalSection(SolutionProperties) = preSolution
		HideSolutionNode = FALSE
	EndGlobalSection
	GlobalSection(ExtensibilityGlobals) = postSolution
		SolutionGuid = {C241FEA9-0FEC-4075-97AC-2EA71F1EC305}
	EndGlobalSection
EndGlobal
